
Microsoft Visual Studio Solution File, Format Version 12.00
# Visual Studio Version 17
VisualStudioVersion = 17.0.31903.59
MinimumVisualStudioVersion = 10.0.40219.1
Project("{2150E333-8FDC-42A3-9474-1A3956D46DE8}") = "src", "src", "{827E0CD3-B72D-47B6-A68D-7590B98EB39B}"
EndProject
Project("{FAE04EC0-301F-11D3-BF4B-00C04F79EFBC}") = "NKSilk.Domain", "src\NKSilk.Domain\NKSilk.Domain.csproj", "{8553A256-2A96-4CF3-8A14-F40DBF5A4DD5}"
EndProject
Project("{FAE04EC0-301F-11D3-BF4B-00C04F79EFBC}") = "NKSilk.Application", "src\NKSilk.Application\NKSilk.Application.csproj", "{CA71B950-9C92-4108-9C8E-D856E51C74E4}"
EndProject
Project("{FAE04EC0-301F-11D3-BF4B-00C04F79EFBC}") = "NKSilk.Infrastructure", "src\NKSilk.Infrastructure\NKSilk.Infrastructure.csproj", "{E741A282-3E29-498C-AACE-D4726CE4F1FF}"
EndProject
Project("{FAE04EC0-301F-11D3-BF4B-00C04F79EFBC}") = "NKSilk.Web", "src\NKSilk.Web\NKSilk.Web.csproj", "{83A91D40-F92B-40A4-B87B-F493EDD1C77B}"
EndProject
Project("{2150E333-8FDC-42A3-9474-1A3956D46DE8}") = "tests", "tests", "{0AB3BF05-4346-4AA6-1389-037BE0695223}"
EndProject
Project("{FAE04EC0-301F-11D3-BF4B-00C04F79EFBC}") = "NKSilk.Tests", "tests\NKSilk.Tests\NKSilk.Tests.csproj", "{A02DC8CF-BB3C-48DD-8A1D-26CE82CE79EE}"
EndProject
Global
	GlobalSection(SolutionConfigurationPlatforms) = preSolution
		Debug|Any CPU = Debug|Any CPU
		Debug|x64 = Debug|x64
		Debug|x86 = Debug|x86
		Release|Any CPU = Release|Any CPU
		Release|x64 = Release|x64
		Release|x86 = Release|x86
	EndGlobalSection
	GlobalSection(ProjectConfigurationPlatforms) = postSolution
		{8553A256-2A96-4CF3-8A14-F40DBF5A4DD5}.Debug|Any CPU.ActiveCfg = Debug|Any CPU
		{8553A256-2A96-4CF3-8A14-F40DBF5A4DD5}.Debug|Any CPU.Build.0 = Debug|Any CPU
		{8553A256-2A96-4CF3-8A14-F40DBF5A4DD5}.Debug|x64.ActiveCfg = Debug|Any CPU
		{8553A256-2A96-4CF3-8A14-F40DBF5A4DD5}.Debug|x64.Build.0 = Debug|Any CPU
		{8553A256-2A96-4CF3-8A14-F40DBF5A4DD5}.Debug|x86.ActiveCfg = Debug|Any CPU
		{8553A256-2A96-4CF3-8A14-F40DBF5A4DD5}.Debug|x86.Build.0 = Debug|Any CPU
		{8553A256-2A96-4CF3-8A14-F40DBF5A4DD5}.Release|Any CPU.ActiveCfg = Release|Any CPU
		{8553A256-2A96-4CF3-8A14-F40DBF5A4DD5}.Release|Any CPU.Build.0 = Release|Any CPU
		{8553A256-2A96-4CF3-8A14-F40DBF5A4DD5}.Release|x64.ActiveCfg = Release|Any CPU
		{8553A256-2A96-4CF3-8A14-F40DBF5A4DD5}.Release|x64.Build.0 = Release|Any CPU
		{8553A256-2A96-4CF3-8A14-F40DBF5A4DD5}.Release|x86.ActiveCfg = Release|Any CPU
		{8553A256-2A96-4CF3-8A14-F40DBF5A4DD5}.Release|x86.Build.0 = Release|Any CPU
		{CA71B950-9C92-4108-9C8E-D856E51C74E4}.Debug|Any CPU.ActiveCfg = Debug|Any CPU
		{CA71B950-9C92-4108-9C8E-D856E51C74E4}.Debug|Any CPU.Build.0 = Debug|Any CPU
		{CA71B950-9C92-4108-9C8E-D856E51C74E4}.Debug|x64.ActiveCfg = Debug|Any CPU
		{CA71B950-9C92-4108-9C8E-D856E51C74E4}.Debug|x64.Build.0 = Debug|Any CPU
		{CA71B950-9C92-4108-9C8E-D856E51C74E4}.Debug|x86.ActiveCfg = Debug|Any CPU
		{CA71B950-9C92-4108-9C8E-D856E51C74E4}.Debug|x86.Build.0 = Debug|Any CPU
		{CA71B950-9C92-4108-9C8E-D856E51C74E4}.Release|Any CPU.ActiveCfg = Release|Any CPU
		{CA71B950-9C92-4108-9C8E-D856E51C74E4}.Release|Any CPU.Build.0 = Release|Any CPU
		{CA71B950-9C92-4108-9C8E-D856E51C74E4}.Release|x64.ActiveCfg = Release|Any CPU
		{CA71B950-9C92-4108-9C8E-D856E51C74E4}.Release|x64.Build.0 = Release|Any CPU
		{CA71B950-9C92-4108-9C8E-D856E51C74E4}.Release|x86.ActiveCfg = Release|Any CPU
		{CA71B950-9C92-4108-9C8E-D856E51C74E4}.Release|x86.Build.0 = Release|Any CPU
		{E741A282-3E29-498C-AACE-D4726CE4F1FF}.Debug|Any CPU.ActiveCfg = Debug|Any CPU
		{E741A282-3E29-498C-AACE-D4726CE4F1FF}.Debug|Any CPU.Build.0 = Debug|Any CPU
		{E741A282-3E29-498C-AACE-D4726CE4F1FF}.Debug|x64.ActiveCfg = Debug|Any CPU
		{E741A282-3E29-498C-AACE-D4726CE4F1FF}.Debug|x64.Build.0 = Debug|Any CPU
		{E741A282-3E29-498C-AACE-D4726CE4F1FF}.Debug|x86.ActiveCfg = Debug|Any CPU
		{E741A282-3E29-498C-AACE-D4726CE4F1FF}.Debug|x86.Build.0 = Debug|Any CPU
		{E741A282-3E29-498C-AACE-D4726CE4F1FF}.Release|Any CPU.ActiveCfg = Release|Any CPU
		{E741A282-3E29-498C-AACE-D4726CE4F1FF}.Release|Any CPU.Build.0 = Release|Any CPU
		{E741A282-3E29-498C-AACE-D4726CE4F1FF}.Release|x64.ActiveCfg = Release|Any CPU
		{E741A282-3E29-498C-AACE-D4726CE4F1FF}.Release|x64.Build.0 = Release|Any CPU
		{E741A282-3E29-498C-AACE-D4726CE4F1FF}.Release|x86.ActiveCfg = Release|Any CPU
		{E741A282-3E29-498C-AACE-D4726CE4F1FF}.Release|x86.Build.0 = Release|Any CPU
		{83A91D40-F92B-40A4-B87B-F493EDD1C77B}.Debug|Any CPU.ActiveCfg = Debug|Any CPU
		{83A91D40-F92B-40A4-B87B-F493EDD1C77B}.Debug|Any CPU.Build.0 = Debug|Any CPU
		{83A91D40-F92B-40A4-B87B-F493EDD1C77B}.Debug|x64.ActiveCfg = Debug|Any CPU
		{83A91D40-F92B-40A4-B87B-F493EDD1C77B}.Debug|x64.Build.0 = Debug|Any CPU
		{83A91D40-F92B-40A4-B87B-F493EDD1C77B}.Debug|x86.ActiveCfg = Debug|Any CPU
		{83A91D40-F92B-40A4-B87B-F493EDD1C77B}.Debug|x86.Build.0 = Debug|Any CPU
		{83A91D40-F92B-40A4-B87B-F493EDD1C77B}.Release|Any CPU.ActiveCfg = Release|Any CPU
		{83A91D40-F92B-40A4-B87B-F493EDD1C77B}.Release|Any CPU.Build.0 = Release|Any CPU
		{83A91D40-F92B-40A4-B87B-F493EDD1C77B}.Release|x64.ActiveCfg = Release|Any CPU
		{83A91D40-F92B-40A4-B87B-F493EDD1C77B}.Release|x64.Build.0 = Release|Any CPU
		{83A91D40-F92B-40A4-B87B-F493EDD1C77B}.Release|x86.ActiveCfg = Release|Any CPU
		{83A91D40-F92B-40A4-B87B-F493EDD1C77B}.Release|x86.Build.0 = Release|Any CPU
		{A02DC8CF-BB3C-48DD-8A1D-26CE82CE79EE}.Debug|Any CPU.ActiveCfg = Debug|Any CPU
		{A02DC8CF-BB3C-48DD-8A1D-26CE82CE79EE}.Debug|Any CPU.Build.0 = Debug|Any CPU
		{A02DC8CF-BB3C-48DD-8A1D-26CE82CE79EE}.Debug|x64.ActiveCfg = Debug|Any CPU
		{A02DC8CF-BB3C-48DD-8A1D-26CE82CE79EE}.Debug|x64.Build.0 = Debug|Any CPU
		{A02DC8CF-BB3C-48DD-8A1D-26CE82CE79EE}.Debug|x86.ActiveCfg = Debug|Any CPU
		{A02DC8CF-BB3C-48DD-8A1D-26CE82CE79EE}.Debug|x86.Build.0 = Debug|Any CPU
		{A02DC8CF-BB3C-48DD-8A1D-26CE82CE79EE}.Release|Any CPU.ActiveCfg = Release|Any CPU
		{A02DC8CF-BB3C-48DD-8A1D-26CE82CE79EE}.Release|Any CPU.Build.0 = Release|Any CPU
		{A02DC8CF-BB3C-48DD-8A1D-26CE82CE79EE}.Release|x64.ActiveCfg = Release|Any CPU
		{A02DC8CF-BB3C-48DD-8A1D-26CE82CE79EE}.Release|x64.Build.0 = Release|Any CPU
		{A02DC8CF-BB3C-48DD-8A1D-26CE82CE79EE}.Release|x86.ActiveCfg = Release|Any CPU
		{A02DC8CF-BB3C-48DD-8A1D-26CE82CE79EE}.Release|x86.Build.0 = Release|Any CPU
	EndGlobalSection
	GlobalSection(SolutionProperties) = preSolution
		HideSolutionNode = FALSE
	EndGlobalSection
	GlobalSection(NestedProjects) = preSolution
		{8553A256-2A96-4CF3-8A14-F40DBF5A4DD5} = {827E0CD3-B72D-47B6-A68D-7590B98EB39B}
		{CA71B950-9C92-4108-9C8E-D856E51C74E4} = {827E0CD3-B72D-47B6-A68D-7590B98EB39B}
		{E741A282-3E29-498C-AACE-D4726CE4F1FF} = {827E0CD3-B72D-47B6-A68D-7590B98EB39B}
		{83A91D40-F92B-40A4-B87B-F493EDD1C77B} = {827E0CD3-B72D-47B6-A68D-7590B98EB39B}
		{A02DC8CF-BB3C-48DD-8A1D-26CE82CE79EE} = {0AB3BF05-4346-4AA6-1389-037BE0695223}
	EndGlobalSection
EndGlobal
